// !$*UTF8*$!
{
	archiveVersion = 1;
	classes = {
	};
	objectVersion = 56;
	objects = {

/* Begin PBXBuildFile section */
		0DBADD992A65FDF100A10FC3 /* AppDelegate.swift in Sources */ = {isa = PBXBuildFile; fileRef = 0DBADD982A65FDF100A10FC3 /* AppDelegate.swift */; };
		0DBADD9B2A65FDF100A10FC3 /* SceneDelegate.swift in Sources */ = {isa = PBXBuildFile; fileRef = 0DBADD9A2A65FDF100A10FC3 /* SceneDelegate.swift */; };
		0DBADDA32A65FDF100A10FC3 /* luna.xcdatamodeld in Sources */ = {isa = PBXBuildFile; fileRef = 0DBADDA12A65FDF100A10FC3 /* luna.xcdatamodeld */; };
		0DBADDA52A65FDF300A10FC3 /* Assets.xcassets in Resources */ = {isa = PBXBuildFile; fileRef = 0DBADDA42A65FDF300A10FC3 /* Assets.xcassets */; };
		0DBADDA82A65FDF300A10FC3 /* LaunchScreen.storyboard in Resources */ = {isa = PBXBuildFile; fileRef = 0DBADDA62A65FDF300A10FC3 /* LaunchScreen.storyboard */; };
		0DBADDB32A65FDF300A10FC3 /* lunaTests.swift in Sources */ = {isa = PBXBuildFile; fileRef = 0DBADDB22A65FDF300A10FC3 /* lunaTests.swift */; };
		0DBADDBD2A65FDF300A10FC3 /* lunaUITests.swift in Sources */ = {isa = PBXBuildFile; fileRef = 0DBADDBC2A65FDF300A10FC3 /* lunaUITests.swift */; };
		0DBADDBF2A65FDF300A10FC3 /* lunaUITestsLaunchTests.swift in Sources */ = {isa = PBXBuildFile; fileRef = 0DBADDBE2A65FDF300A10FC3 /* lunaUITestsLaunchTests.swift */; };
		0DBADDD02A66002800A10FC3 /* LunaText.swift in Sources */ = {isa = PBXBuildFile; fileRef = 0DBADDCF2A66002800A10FC3 /* LunaText.swift */; };
		0DBADDD32A66005500A10FC3 /* LunaTextViewModel.swift in Sources */ = {isa = PBXBuildFile; fileRef = 0DBADDD22A66005500A10FC3 /* LunaTextViewModel.swift */; };
		0DBADDD62A6600CD00A10FC3 /* AnyView.swift in Sources */ = {isa = PBXBuildFile; fileRef = 0DBADDD52A6600CD00A10FC3 /* AnyView.swift */; };
		0DBADDD82A66017600A10FC3 /* DrawableView.swift in Sources */ = {isa = PBXBuildFile; fileRef = 0DBADDD72A66017600A10FC3 /* DrawableView.swift */; };
		0DBADDDF2A6603F800A10FC3 /* LastDayMenstruationContract.swift in Sources */ = {isa = PBXBuildFile; fileRef = 0DBADDDA2A6603F800A10FC3 /* LastDayMenstruationContract.swift */; };
		0DBADDE02A6603F800A10FC3 /* LastDayMenstruationPresenter.swift in Sources */ = {isa = PBXBuildFile; fileRef = 0DBADDDB2A6603F800A10FC3 /* LastDayMenstruationPresenter.swift */; };
		0DBADDE12A6603F800A10FC3 /* LastDayMenstruationRouter.swift in Sources */ = {isa = PBXBuildFile; fileRef = 0DBADDDC2A6603F800A10FC3 /* LastDayMenstruationRouter.swift */; };
		0DBADDE22A6603F800A10FC3 /* LastDayMenstruationViewController.swift in Sources */ = {isa = PBXBuildFile; fileRef = 0DBADDDD2A6603F800A10FC3 /* LastDayMenstruationViewController.swift */; };
		0DBADDE72A66044600A10FC3 /* UIView+Preview.swift in Sources */ = {isa = PBXBuildFile; fileRef = 0DBADDE62A66044600A10FC3 /* UIView+Preview.swift */; };
		0DBADDE92A66045700A10FC3 /* UIViewController+Preview.swift in Sources */ = {isa = PBXBuildFile; fileRef = 0DBADDE82A66045700A10FC3 /* UIViewController+Preview.swift */; };
		0DBADE0A2A6607BB00A10FC3 /* LunaButton.swift in Sources */ = {isa = PBXBuildFile; fileRef = 0DBADE092A6607BB00A10FC3 /* LunaButton.swift */; };
		0DBADE0C2A6608F300A10FC3 /* LastDayMenstruationView.swift in Sources */ = {isa = PBXBuildFile; fileRef = 0DBADE0B2A6608F300A10FC3 /* LastDayMenstruationView.swift */; };
		2814909EB8D2BDC1D5AA5874 /* Pods_lunaTests.framework in Frameworks */ = {isa = PBXBuildFile; fileRef = 33837198E1A2D686B82FD9A5 /* Pods_lunaTests.framework */; };
		6994CDD4C9481D9C0BE8F427 /* Pods_luna_lunaUITests.framework in Frameworks */ = {isa = PBXBuildFile; fileRef = C72D64B781A7543B9B9BB027 /* Pods_luna_lunaUITests.framework */; };
		EA84604FAF8A4EF699191266 /* Pods_luna.framework in Frameworks */ = {isa = PBXBuildFile; fileRef = DA252E2368804117A5E627F6 /* Pods_luna.framework */; };
/* End PBXBuildFile section */

/* Begin PBXContainerItemProxy section */
		0DBADDAF2A65FDF300A10FC3 /* PBXContainerItemProxy */ = {
			isa = PBXContainerItemProxy;
			containerPortal = 0DBADD8D2A65FDF100A10FC3 /* Project object */;
			proxyType = 1;
			remoteGlobalIDString = 0DBADD942A65FDF100A10FC3;
			remoteInfo = luna;
		};
		0DBADDB92A65FDF300A10FC3 /* PBXContainerItemProxy */ = {
			isa = PBXContainerItemProxy;
			containerPortal = 0DBADD8D2A65FDF100A10FC3 /* Project object */;
			proxyType = 1;
			remoteGlobalIDString = 0DBADD942A65FDF100A10FC3;
			remoteInfo = luna;
		};
/* End PBXContainerItemProxy section */

/* Begin PBXFileReference section */
		08D186E62F83C3701D60F993 /* Pods-luna.release.xcconfig */ = {isa = PBXFileReference; includeInIndex = 1; lastKnownFileType = text.xcconfig; name = "Pods-luna.release.xcconfig"; path = "Target Support Files/Pods-luna/Pods-luna.release.xcconfig"; sourceTree = "<group>"; };
		0DBADD952A65FDF100A10FC3 /* luna.app */ = {isa = PBXFileReference; explicitFileType = wrapper.application; includeInIndex = 0; path = luna.app; sourceTree = BUILT_PRODUCTS_DIR; };
		0DBADD982A65FDF100A10FC3 /* AppDelegate.swift */ = {isa = PBXFileReference; lastKnownFileType = sourcecode.swift; path = AppDelegate.swift; sourceTree = "<group>"; };
		0DBADD9A2A65FDF100A10FC3 /* SceneDelegate.swift */ = {isa = PBXFileReference; lastKnownFileType = sourcecode.swift; path = SceneDelegate.swift; sourceTree = "<group>"; };
		0DBADDA22A65FDF100A10FC3 /* luna.xcdatamodel */ = {isa = PBXFileReference; lastKnownFileType = wrapper.xcdatamodel; path = luna.xcdatamodel; sourceTree = "<group>"; };
		0DBADDA42A65FDF300A10FC3 /* Assets.xcassets */ = {isa = PBXFileReference; lastKnownFileType = folder.assetcatalog; path = Assets.xcassets; sourceTree = "<group>"; };
		0DBADDA72A65FDF300A10FC3 /* Base */ = {isa = PBXFileReference; lastKnownFileType = file.storyboard; name = Base; path = Base.lproj/LaunchScreen.storyboard; sourceTree = "<group>"; };
		0DBADDA92A65FDF300A10FC3 /* Info.plist */ = {isa = PBXFileReference; lastKnownFileType = text.plist.xml; path = Info.plist; sourceTree = "<group>"; };
		0DBADDAE2A65FDF300A10FC3 /* lunaTests.xctest */ = {isa = PBXFileReference; explicitFileType = wrapper.cfbundle; includeInIndex = 0; path = lunaTests.xctest; sourceTree = BUILT_PRODUCTS_DIR; };
		0DBADDB22A65FDF300A10FC3 /* lunaTests.swift */ = {isa = PBXFileReference; lastKnownFileType = sourcecode.swift; path = lunaTests.swift; sourceTree = "<group>"; };
		0DBADDB82A65FDF300A10FC3 /* lunaUITests.xctest */ = {isa = PBXFileReference; explicitFileType = wrapper.cfbundle; includeInIndex = 0; path = lunaUITests.xctest; sourceTree = BUILT_PRODUCTS_DIR; };
		0DBADDBC2A65FDF300A10FC3 /* lunaUITests.swift */ = {isa = PBXFileReference; lastKnownFileType = sourcecode.swift; path = lunaUITests.swift; sourceTree = "<group>"; };
		0DBADDBE2A65FDF300A10FC3 /* lunaUITestsLaunchTests.swift */ = {isa = PBXFileReference; lastKnownFileType = sourcecode.swift; path = lunaUITestsLaunchTests.swift; sourceTree = "<group>"; };
		0DBADDCF2A66002800A10FC3 /* LunaText.swift */ = {isa = PBXFileReference; lastKnownFileType = sourcecode.swift; path = LunaText.swift; sourceTree = "<group>"; };
		0DBADDD22A66005500A10FC3 /* LunaTextViewModel.swift */ = {isa = PBXFileReference; lastKnownFileType = sourcecode.swift; path = LunaTextViewModel.swift; sourceTree = "<group>"; };
		0DBADDD52A6600CD00A10FC3 /* AnyView.swift */ = {isa = PBXFileReference; lastKnownFileType = sourcecode.swift; path = AnyView.swift; sourceTree = "<group>"; };
		0DBADDD72A66017600A10FC3 /* DrawableView.swift */ = {isa = PBXFileReference; lastKnownFileType = sourcecode.swift; path = DrawableView.swift; sourceTree = "<group>"; };
		0DBADDDA2A6603F800A10FC3 /* LastDayMenstruationContract.swift */ = {isa = PBXFileReference; lastKnownFileType = sourcecode.swift; path = LastDayMenstruationContract.swift; sourceTree = "<group>"; };
		0DBADDDB2A6603F800A10FC3 /* LastDayMenstruationPresenter.swift */ = {isa = PBXFileReference; lastKnownFileType = sourcecode.swift; path = LastDayMenstruationPresenter.swift; sourceTree = "<group>"; };
		0DBADDDC2A6603F800A10FC3 /* LastDayMenstruationRouter.swift */ = {isa = PBXFileReference; lastKnownFileType = sourcecode.swift; path = LastDayMenstruationRouter.swift; sourceTree = "<group>"; };
		0DBADDDD2A6603F800A10FC3 /* LastDayMenstruationViewController.swift */ = {isa = PBXFileReference; lastKnownFileType = sourcecode.swift; path = LastDayMenstruationViewController.swift; sourceTree = "<group>"; };
		0DBADDE62A66044600A10FC3 /* UIView+Preview.swift */ = {isa = PBXFileReference; lastKnownFileType = sourcecode.swift; path = "UIView+Preview.swift"; sourceTree = "<group>"; };
		0DBADDE82A66045700A10FC3 /* UIViewController+Preview.swift */ = {isa = PBXFileReference; lastKnownFileType = sourcecode.swift; path = "UIViewController+Preview.swift"; sourceTree = "<group>"; };
		0DBADE092A6607BB00A10FC3 /* LunaButton.swift */ = {isa = PBXFileReference; lastKnownFileType = sourcecode.swift; path = LunaButton.swift; sourceTree = "<group>"; };
		0DBADE0B2A6608F300A10FC3 /* LastDayMenstruationView.swift */ = {isa = PBXFileReference; lastKnownFileType = sourcecode.swift; path = LastDayMenstruationView.swift; sourceTree = "<group>"; };
		33837198E1A2D686B82FD9A5 /* Pods_lunaTests.framework */ = {isa = PBXFileReference; explicitFileType = wrapper.framework; includeInIndex = 0; path = Pods_lunaTests.framework; sourceTree = BUILT_PRODUCTS_DIR; };
		3CD2EB575C89A943BE87F57E /* Pods-lunaTests.release.xcconfig */ = {isa = PBXFileReference; includeInIndex = 1; lastKnownFileType = text.xcconfig; name = "Pods-lunaTests.release.xcconfig"; path = "Target Support Files/Pods-lunaTests/Pods-lunaTests.release.xcconfig"; sourceTree = "<group>"; };
		40083797C335396142E4E31B /* Pods-luna-lunaUITests.debug.xcconfig */ = {isa = PBXFileReference; includeInIndex = 1; lastKnownFileType = text.xcconfig; name = "Pods-luna-lunaUITests.debug.xcconfig"; path = "Target Support Files/Pods-luna-lunaUITests/Pods-luna-lunaUITests.debug.xcconfig"; sourceTree = "<group>"; };
		46B376156DE621DEBE58A794 /* Pods-luna-lunaUITests.release.xcconfig */ = {isa = PBXFileReference; includeInIndex = 1; lastKnownFileType = text.xcconfig; name = "Pods-luna-lunaUITests.release.xcconfig"; path = "Target Support Files/Pods-luna-lunaUITests/Pods-luna-lunaUITests.release.xcconfig"; sourceTree = "<group>"; };
		5295EDDCBCE10935681952A4 /* Pods-luna.debug.xcconfig */ = {isa = PBXFileReference; includeInIndex = 1; lastKnownFileType = text.xcconfig; name = "Pods-luna.debug.xcconfig"; path = "Target Support Files/Pods-luna/Pods-luna.debug.xcconfig"; sourceTree = "<group>"; };
		C72D64B781A7543B9B9BB027 /* Pods_luna_lunaUITests.framework */ = {isa = PBXFileReference; explicitFileType = wrapper.framework; includeInIndex = 0; path = Pods_luna_lunaUITests.framework; sourceTree = BUILT_PRODUCTS_DIR; };
		D479E806F71C261B7BE2C777 /* Pods-lunaTests.debug.xcconfig */ = {isa = PBXFileReference; includeInIndex = 1; lastKnownFileType = text.xcconfig; name = "Pods-lunaTests.debug.xcconfig"; path = "Target Support Files/Pods-lunaTests/Pods-lunaTests.debug.xcconfig"; sourceTree = "<group>"; };
		DA252E2368804117A5E627F6 /* Pods_luna.framework */ = {isa = PBXFileReference; explicitFileType = wrapper.framework; includeInIndex = 0; path = Pods_luna.framework; sourceTree = BUILT_PRODUCTS_DIR; };
/* End PBXFileReference section */

/* Begin PBXFrameworksBuildPhase section */
		0DBADD922A65FDF100A10FC3 /* Frameworks */ = {
			isa = PBXFrameworksBuildPhase;
			buildActionMask = 2147483647;
			files = (
				EA84604FAF8A4EF699191266 /* Pods_luna.framework in Frameworks */,
			);
			runOnlyForDeploymentPostprocessing = 0;
		};
		0DBADDAB2A65FDF300A10FC3 /* Frameworks */ = {
			isa = PBXFrameworksBuildPhase;
			buildActionMask = 2147483647;
			files = (
				2814909EB8D2BDC1D5AA5874 /* Pods_lunaTests.framework in Frameworks */,
			);
			runOnlyForDeploymentPostprocessing = 0;
		};
		0DBADDB52A65FDF300A10FC3 /* Frameworks */ = {
			isa = PBXFrameworksBuildPhase;
			buildActionMask = 2147483647;
			files = (
				6994CDD4C9481D9C0BE8F427 /* Pods_luna_lunaUITests.framework in Frameworks */,
			);
			runOnlyForDeploymentPostprocessing = 0;
		};
/* End PBXFrameworksBuildPhase section */

/* Begin PBXGroup section */
		0DBADD8C2A65FDF100A10FC3 = {
			isa = PBXGroup;
			children = (
				0DBADD972A65FDF100A10FC3 /* luna */,
				0DBADDB12A65FDF300A10FC3 /* lunaTests */,
				0DBADDBB2A65FDF300A10FC3 /* lunaUITests */,
				0DBADD962A65FDF100A10FC3 /* Products */,
				E1362888AE372F99EAD49303 /* Pods */,
				44D481D3F52D76C9157564E0 /* Frameworks */,
			);
			sourceTree = "<group>";
		};
		0DBADD962A65FDF100A10FC3 /* Products */ = {
			isa = PBXGroup;
			children = (
				0DBADD952A65FDF100A10FC3 /* luna.app */,
				0DBADDAE2A65FDF300A10FC3 /* lunaTests.xctest */,
				0DBADDB82A65FDF300A10FC3 /* lunaUITests.xctest */,
			);
			name = Products;
			sourceTree = "<group>";
		};
		0DBADD972A65FDF100A10FC3 /* luna */ = {
			isa = PBXGroup;
			children = (
				0DBADDCC2A65FF5700A10FC3 /* UI */,
				0DBADDCB2A65FF2A00A10FC3 /* Resources */,
			);
			path = luna;
			sourceTree = "<group>";
		};
		0DBADDB12A65FDF300A10FC3 /* lunaTests */ = {
			isa = PBXGroup;
			children = (
				0DBADDB22A65FDF300A10FC3 /* lunaTests.swift */,
			);
			path = lunaTests;
			sourceTree = "<group>";
		};
		0DBADDBB2A65FDF300A10FC3 /* lunaUITests */ = {
			isa = PBXGroup;
			children = (
				0DBADDBC2A65FDF300A10FC3 /* lunaUITests.swift */,
				0DBADDBE2A65FDF300A10FC3 /* lunaUITestsLaunchTests.swift */,
			);
			path = lunaUITests;
			sourceTree = "<group>";
		};
		0DBADDCB2A65FF2A00A10FC3 /* Resources */ = {
			isa = PBXGroup;
			children = (
				0DBADDA42A65FDF300A10FC3 /* Assets.xcassets */,
				0DBADDA62A65FDF300A10FC3 /* LaunchScreen.storyboard */,
				0DBADDA92A65FDF300A10FC3 /* Info.plist */,
				0DBADDA12A65FDF100A10FC3 /* luna.xcdatamodeld */,
				0DBADD982A65FDF100A10FC3 /* AppDelegate.swift */,
				0DBADD9A2A65FDF100A10FC3 /* SceneDelegate.swift */,
			);
			name = Resources;
			sourceTree = "<group>";
		};
		0DBADDCC2A65FF5700A10FC3 /* UI */ = {
			isa = PBXGroup;
			children = (
				0DBADDE42A66041500A10FC3 /* Extensions */,
				0DBADDD42A6600B800A10FC3 /* Protocols */,
				0DBADDCE2A65FF6B00A10FC3 /* Modules */,
				0DBADDCD2A65FF6400A10FC3 /* Components */,
			);
			name = UI;
			sourceTree = "<group>";
		};
		0DBADDCD2A65FF6400A10FC3 /* Components */ = {
			isa = PBXGroup;
			children = (
				0DBADDD12A66003300A10FC3 /* LunaText */,
				0DBADE092A6607BB00A10FC3 /* LunaButton.swift */,
			);
			name = Components;
			sourceTree = "<group>";
		};
		0DBADDCE2A65FF6B00A10FC3 /* Modules */ = {
			isa = PBXGroup;
			children = (
				0DBADDD92A6603C500A10FC3 /* LastDayMenstruation */,
			);
			name = Modules;
			sourceTree = "<group>";
		};
		0DBADDD12A66003300A10FC3 /* LunaText */ = {
			isa = PBXGroup;
			children = (
				0DBADDCF2A66002800A10FC3 /* LunaText.swift */,
				0DBADDD22A66005500A10FC3 /* LunaTextViewModel.swift */,
			);
			name = LunaText;
			sourceTree = "<group>";
		};
		0DBADDD42A6600B800A10FC3 /* Protocols */ = {
			isa = PBXGroup;
			children = (
				0DBADDD52A6600CD00A10FC3 /* AnyView.swift */,
				0DBADDD72A66017600A10FC3 /* DrawableView.swift */,
			);
			name = Protocols;
			sourceTree = "<group>";
		};
		0DBADDD92A6603C500A10FC3 /* LastDayMenstruation */ = {
			isa = PBXGroup;
			children = (
				0DBADE082A6607A200A10FC3 /* Views */,
				0DBADDDA2A6603F800A10FC3 /* LastDayMenstruationContract.swift */,
				0DBADDDB2A6603F800A10FC3 /* LastDayMenstruationPresenter.swift */,
				0DBADDDC2A6603F800A10FC3 /* LastDayMenstruationRouter.swift */,
				0DBADDDD2A6603F800A10FC3 /* LastDayMenstruationViewController.swift */,
			);
			name = LastDayMenstruation;
			sourceTree = "<group>";
		};
		0DBADDE42A66041500A10FC3 /* Extensions */ = {
			isa = PBXGroup;
			children = (
				0DBADDE52A66042F00A10FC3 /* Preview */,
			);
			name = Extensions;
			sourceTree = "<group>";
		};
		0DBADDE52A66042F00A10FC3 /* Preview */ = {
			isa = PBXGroup;
			children = (
				0DBADDE62A66044600A10FC3 /* UIView+Preview.swift */,
				0DBADDE82A66045700A10FC3 /* UIViewController+Preview.swift */,
			);
			name = Preview;
			sourceTree = "<group>";
		};
		0DBADE082A6607A200A10FC3 /* Views */ = {
			isa = PBXGroup;
			children = (
				0DBADE0B2A6608F300A10FC3 /* LastDayMenstruationView.swift */,
			);
			name = Views;
			sourceTree = "<group>";
		};
		44D481D3F52D76C9157564E0 /* Frameworks */ = {
			isa = PBXGroup;
			children = (
				DA252E2368804117A5E627F6 /* Pods_luna.framework */,
				C72D64B781A7543B9B9BB027 /* Pods_luna_lunaUITests.framework */,
				33837198E1A2D686B82FD9A5 /* Pods_lunaTests.framework */,
			);
			name = Frameworks;
			sourceTree = "<group>";
		};
		E1362888AE372F99EAD49303 /* Pods */ = {
			isa = PBXGroup;
			children = (
				5295EDDCBCE10935681952A4 /* Pods-luna.debug.xcconfig */,
				08D186E62F83C3701D60F993 /* Pods-luna.release.xcconfig */,
				40083797C335396142E4E31B /* Pods-luna-lunaUITests.debug.xcconfig */,
				46B376156DE621DEBE58A794 /* Pods-luna-lunaUITests.release.xcconfig */,
				D479E806F71C261B7BE2C777 /* Pods-lunaTests.debug.xcconfig */,
				3CD2EB575C89A943BE87F57E /* Pods-lunaTests.release.xcconfig */,
			);
			path = Pods;
			sourceTree = "<group>";
		};
/* End PBXGroup section */

/* Begin PBXNativeTarget section */
		0DBADD942A65FDF100A10FC3 /* luna */ = {
			isa = PBXNativeTarget;
			buildConfigurationList = 0DBADDC22A65FDF300A10FC3 /* Build configuration list for PBXNativeTarget "luna" */;
			buildPhases = (
				FD1041872EAABF4892646539 /* [CP] Check Pods Manifest.lock */,
				0DBADD912A65FDF100A10FC3 /* Sources */,
				0DBADD922A65FDF100A10FC3 /* Frameworks */,
				0DBADD932A65FDF100A10FC3 /* Resources */,
				E2A77B1EA3955B14217C863A /* [CP] Embed Pods Frameworks */,
			);
			buildRules = (
			);
			dependencies = (
			);
			name = luna;
			productName = luna;
			productReference = 0DBADD952A65FDF100A10FC3 /* luna.app */;
			productType = "com.apple.product-type.application";
		};
		0DBADDAD2A65FDF300A10FC3 /* lunaTests */ = {
			isa = PBXNativeTarget;
			buildConfigurationList = 0DBADDC52A65FDF300A10FC3 /* Build configuration list for PBXNativeTarget "lunaTests" */;
			buildPhases = (
				82EC186ABB682E650EA75819 /* [CP] Check Pods Manifest.lock */,
				0DBADDAA2A65FDF300A10FC3 /* Sources */,
				0DBADDAB2A65FDF300A10FC3 /* Frameworks */,
				0DBADDAC2A65FDF300A10FC3 /* Resources */,
			);
			buildRules = (
			);
			dependencies = (
				0DBADDB02A65FDF300A10FC3 /* PBXTargetDependency */,
			);
			name = lunaTests;
			productName = lunaTests;
			productReference = 0DBADDAE2A65FDF300A10FC3 /* lunaTests.xctest */;
			productType = "com.apple.product-type.bundle.unit-test";
		};
		0DBADDB72A65FDF300A10FC3 /* lunaUITests */ = {
			isa = PBXNativeTarget;
			buildConfigurationList = 0DBADDC82A65FDF300A10FC3 /* Build configuration list for PBXNativeTarget "lunaUITests" */;
			buildPhases = (
				78D7736E3CA4C513F406F810 /* [CP] Check Pods Manifest.lock */,
				0DBADDB42A65FDF300A10FC3 /* Sources */,
				0DBADDB52A65FDF300A10FC3 /* Frameworks */,
				0DBADDB62A65FDF300A10FC3 /* Resources */,
				1A6E2E5F053CFE753A02C55D /* [CP] Embed Pods Frameworks */,
			);
			buildRules = (
			);
			dependencies = (
				0DBADDBA2A65FDF300A10FC3 /* PBXTargetDependency */,
			);
			name = lunaUITests;
			productName = lunaUITests;
			productReference = 0DBADDB82A65FDF300A10FC3 /* lunaUITests.xctest */;
			productType = "com.apple.product-type.bundle.ui-testing";
		};
/* End PBXNativeTarget section */

/* Begin PBXProject section */
		0DBADD8D2A65FDF100A10FC3 /* Project object */ = {
			isa = PBXProject;
			attributes = {
				BuildIndependentTargetsInParallel = 1;
				LastSwiftUpdateCheck = 1430;
				LastUpgradeCheck = 1430;
				TargetAttributes = {
					0DBADD942A65FDF100A10FC3 = {
						CreatedOnToolsVersion = 14.3.1;
					};
					0DBADDAD2A65FDF300A10FC3 = {
						CreatedOnToolsVersion = 14.3.1;
						TestTargetID = 0DBADD942A65FDF100A10FC3;
					};
					0DBADDB72A65FDF300A10FC3 = {
						CreatedOnToolsVersion = 14.3.1;
						TestTargetID = 0DBADD942A65FDF100A10FC3;
					};
				};
			};
			buildConfigurationList = 0DBADD902A65FDF100A10FC3 /* Build configuration list for PBXProject "luna" */;
			compatibilityVersion = "Xcode 14.0";
			developmentRegion = en;
			hasScannedForEncodings = 0;
			knownRegions = (
				en,
				Base,
			);
			mainGroup = 0DBADD8C2A65FDF100A10FC3;
			productRefGroup = 0DBADD962A65FDF100A10FC3 /* Products */;
			projectDirPath = "";
			projectRoot = "";
			targets = (
				0DBADD942A65FDF100A10FC3 /* luna */,
				0DBADDAD2A65FDF300A10FC3 /* lunaTests */,
				0DBADDB72A65FDF300A10FC3 /* lunaUITests */,
			);
		};
/* End PBXProject section */

/* Begin PBXResourcesBuildPhase section */
		0DBADD932A65FDF100A10FC3 /* Resources */ = {
			isa = PBXResourcesBuildPhase;
			buildActionMask = 2147483647;
			files = (
				0DBADDA82A65FDF300A10FC3 /* LaunchScreen.storyboard in Resources */,
				0DBADDA52A65FDF300A10FC3 /* Assets.xcassets in Resources */,
			);
			runOnlyForDeploymentPostprocessing = 0;
		};
		0DBADDAC2A65FDF300A10FC3 /* Resources */ = {
			isa = PBXResourcesBuildPhase;
			buildActionMask = 2147483647;
			files = (
			);
			runOnlyForDeploymentPostprocessing = 0;
		};
		0DBADDB62A65FDF300A10FC3 /* Resources */ = {
			isa = PBXResourcesBuildPhase;
			buildActionMask = 2147483647;
			files = (
			);
			runOnlyForDeploymentPostprocessing = 0;
		};
/* End PBXResourcesBuildPhase section */

/* Begin PBXShellScriptBuildPhase section */
		1A6E2E5F053CFE753A02C55D /* [CP] Embed Pods Frameworks */ = {
			isa = PBXShellScriptBuildPhase;
			buildActionMask = 2147483647;
			files = (
			);
			inputFileListPaths = (
				"${PODS_ROOT}/Target Support Files/Pods-luna-lunaUITests/Pods-luna-lunaUITests-frameworks-${CONFIGURATION}-input-files.xcfilelist",
			);
			name = "[CP] Embed Pods Frameworks";
			outputFileListPaths = (
				"${PODS_ROOT}/Target Support Files/Pods-luna-lunaUITests/Pods-luna-lunaUITests-frameworks-${CONFIGURATION}-output-files.xcfilelist",
			);
			runOnlyForDeploymentPostprocessing = 0;
			shellPath = /bin/sh;
			shellScript = "\"${PODS_ROOT}/Target Support Files/Pods-luna-lunaUITests/Pods-luna-lunaUITests-frameworks.sh\"\n";
			showEnvVarsInLog = 0;
		};
		78D7736E3CA4C513F406F810 /* [CP] Check Pods Manifest.lock */ = {
			isa = PBXShellScriptBuildPhase;
			buildActionMask = 2147483647;
			files = (
			);
			inputFileListPaths = (
			);
			inputPaths = (
				"${PODS_PODFILE_DIR_PATH}/Podfile.lock",
				"${PODS_ROOT}/Manifest.lock",
			);
			name = "[CP] Check Pods Manifest.lock";
			outputFileListPaths = (
			);
			outputPaths = (
				"$(DERIVED_FILE_DIR)/Pods-luna-lunaUITests-checkManifestLockResult.txt",
			);
			runOnlyForDeploymentPostprocessing = 0;
			shellPath = /bin/sh;
			shellScript = "diff \"${PODS_PODFILE_DIR_PATH}/Podfile.lock\" \"${PODS_ROOT}/Manifest.lock\" > /dev/null\nif [ $? != 0 ] ; then\n    # print error to STDERR\n    echo \"error: The sandbox is not in sync with the Podfile.lock. Run 'pod install' or update your CocoaPods installation.\" >&2\n    exit 1\nfi\n# This output is used by Xcode 'outputs' to avoid re-running this script phase.\necho \"SUCCESS\" > \"${SCRIPT_OUTPUT_FILE_0}\"\n";
			showEnvVarsInLog = 0;
		};
		82EC186ABB682E650EA75819 /* [CP] Check Pods Manifest.lock */ = {
			isa = PBXShellScriptBuildPhase;
			buildActionMask = 2147483647;
			files = (
			);
			inputFileListPaths = (
			);
			inputPaths = (
				"${PODS_PODFILE_DIR_PATH}/Podfile.lock",
				"${PODS_ROOT}/Manifest.lock",
			);
			name = "[CP] Check Pods Manifest.lock";
			outputFileListPaths = (
			);
			outputPaths = (
				"$(DERIVED_FILE_DIR)/Pods-lunaTests-checkManifestLockResult.txt",
			);
			runOnlyForDeploymentPostprocessing = 0;
			shellPath = /bin/sh;
			shellScript = "diff \"${PODS_PODFILE_DIR_PATH}/Podfile.lock\" \"${PODS_ROOT}/Manifest.lock\" > /dev/null\nif [ $? != 0 ] ; then\n    # print error to STDERR\n    echo \"error: The sandbox is not in sync with the Podfile.lock. Run 'pod install' or update your CocoaPods installation.\" >&2\n    exit 1\nfi\n# This output is used by Xcode 'outputs' to avoid re-running this script phase.\necho \"SUCCESS\" > \"${SCRIPT_OUTPUT_FILE_0}\"\n";
			showEnvVarsInLog = 0;
		};
		E2A77B1EA3955B14217C863A /* [CP] Embed Pods Frameworks */ = {
			isa = PBXShellScriptBuildPhase;
			buildActionMask = 2147483647;
			files = (
			);
			inputFileListPaths = (
				"${PODS_ROOT}/Target Support Files/Pods-luna/Pods-luna-frameworks-${CONFIGURATION}-input-files.xcfilelist",
			);
			name = "[CP] Embed Pods Frameworks";
			outputFileListPaths = (
				"${PODS_ROOT}/Target Support Files/Pods-luna/Pods-luna-frameworks-${CONFIGURATION}-output-files.xcfilelist",
			);
			runOnlyForDeploymentPostprocessing = 0;
			shellPath = /bin/sh;
			shellScript = "\"${PODS_ROOT}/Target Support Files/Pods-luna/Pods-luna-frameworks.sh\"\n";
			showEnvVarsInLog = 0;
		};
		FD1041872EAABF4892646539 /* [CP] Check Pods Manifest.lock */ = {
			isa = PBXShellScriptBuildPhase;
			buildActionMask = 2147483647;
			files = (
			);
			inputFileListPaths = (
			);
			inputPaths = (
				"${PODS_PODFILE_DIR_PATH}/Podfile.lock",
				"${PODS_ROOT}/Manifest.lock",
			);
			name = "[CP] Check Pods Manifest.lock";
			outputFileListPaths = (
			);
			outputPaths = (
				"$(DERIVED_FILE_DIR)/Pods-luna-checkManifestLockResult.txt",
			);
			runOnlyForDeploymentPostprocessing = 0;
			shellPath = /bin/sh;
			shellScript = "diff \"${PODS_PODFILE_DIR_PATH}/Podfile.lock\" \"${PODS_ROOT}/Manifest.lock\" > /dev/null\nif [ $? != 0 ] ; then\n    # print error to STDERR\n    echo \"error: The sandbox is not in sync with the Podfile.lock. Run 'pod install' or update your CocoaPods installation.\" >&2\n    exit 1\nfi\n# This output is used by Xcode 'outputs' to avoid re-running this script phase.\necho \"SUCCESS\" > \"${SCRIPT_OUTPUT_FILE_0}\"\n";
			showEnvVarsInLog = 0;
		};
/* End PBXShellScriptBuildPhase section */

/* Begin PBXSourcesBuildPhase section */
		0DBADD912A65FDF100A10FC3 /* Sources */ = {
			isa = PBXSourcesBuildPhase;
			buildActionMask = 2147483647;
			files = (
				0DBADDE92A66045700A10FC3 /* UIViewController+Preview.swift in Sources */,
				0DBADDE12A6603F800A10FC3 /* LastDayMenstruationRouter.swift in Sources */,
				0DBADDA32A65FDF100A10FC3 /* luna.xcdatamodeld in Sources */,
				0DBADDD02A66002800A10FC3 /* LunaText.swift in Sources */,
				0DBADDE22A6603F800A10FC3 /* LastDayMenstruationViewController.swift in Sources */,
				0DBADDD82A66017600A10FC3 /* DrawableView.swift in Sources */,
				0DBADD992A65FDF100A10FC3 /* AppDelegate.swift in Sources */,
				0DBADD9B2A65FDF100A10FC3 /* SceneDelegate.swift in Sources */,
				0DBADDDF2A6603F800A10FC3 /* LastDayMenstruationContract.swift in Sources */,
				0DBADE0C2A6608F300A10FC3 /* LastDayMenstruationView.swift in Sources */,
				0DBADDD32A66005500A10FC3 /* LunaTextViewModel.swift in Sources */,
				0DBADDE02A6603F800A10FC3 /* LastDayMenstruationPresenter.swift in Sources */,
				0DBADDD62A6600CD00A10FC3 /* AnyView.swift in Sources */,
				0DBADDE72A66044600A10FC3 /* UIView+Preview.swift in Sources */,
				0DBADE0A2A6607BB00A10FC3 /* LunaButton.swift in Sources */,
			);
			runOnlyForDeploymentPostprocessing = 0;
		};
		0DBADDAA2A65FDF300A10FC3 /* Sources */ = {
			isa = PBXSourcesBuildPhase;
			buildActionMask = 2147483647;
			files = (
				0DBADDB32A65FDF300A10FC3 /* lunaTests.swift in Sources */,
			);
			runOnlyForDeploymentPostprocessing = 0;
		};
		0DBADDB42A65FDF300A10FC3 /* Sources */ = {
			isa = PBXSourcesBuildPhase;
			buildActionMask = 2147483647;
			files = (
				0DBADDBF2A65FDF300A10FC3 /* lunaUITestsLaunchTests.swift in Sources */,
				0DBADDBD2A65FDF300A10FC3 /* lunaUITests.swift in Sources */,
			);
			runOnlyForDeploymentPostprocessing = 0;
		};
/* End PBXSourcesBuildPhase section */

/* Begin PBXTargetDependency section */
		0DBADDB02A65FDF300A10FC3 /* PBXTargetDependency */ = {
			isa = PBXTargetDependency;
			target = 0DBADD942A65FDF100A10FC3 /* luna */;
			targetProxy = 0DBADDAF2A65FDF300A10FC3 /* PBXContainerItemProxy */;
		};
		0DBADDBA2A65FDF300A10FC3 /* PBXTargetDependency */ = {
			isa = PBXTargetDependency;
			target = 0DBADD942A65FDF100A10FC3 /* luna */;
			targetProxy = 0DBADDB92A65FDF300A10FC3 /* PBXContainerItemProxy */;
		};
/* End PBXTargetDependency section */

/* Begin PBXVariantGroup section */
		0DBADDA62A65FDF300A10FC3 /* LaunchScreen.storyboard */ = {
			isa = PBXVariantGroup;
			children = (
				0DBADDA72A65FDF300A10FC3 /* Base */,
			);
			name = LaunchScreen.storyboard;
			sourceTree = "<group>";
		};
/* End PBXVariantGroup section */

/* Begin XCBuildConfiguration section */
		0DBADDC02A65FDF300A10FC3 /* Debug */ = {
			isa = XCBuildConfiguration;
			buildSettings = {
				ALWAYS_SEARCH_USER_PATHS = NO;
				CLANG_ANALYZER_NONNULL = YES;
				CLANG_ANALYZER_NUMBER_OBJECT_CONVERSION = YES_AGGRESSIVE;
				CLANG_CXX_LANGUAGE_STANDARD = "gnu++20";
				CLANG_ENABLE_MODULES = YES;
				CLANG_ENABLE_OBJC_ARC = YES;
				CLANG_ENABLE_OBJC_WEAK = YES;
				CLANG_WARN_BLOCK_CAPTURE_AUTORELEASING = YES;
				CLANG_WARN_BOOL_CONVERSION = YES;
				CLANG_WARN_COMMA = YES;
				CLANG_WARN_CONSTANT_CONVERSION = YES;
				CLANG_WARN_DEPRECATED_OBJC_IMPLEMENTATIONS = YES;
				CLANG_WARN_DIRECT_OBJC_ISA_USAGE = YES_ERROR;
				CLANG_WARN_DOCUMENTATION_COMMENTS = YES;
				CLANG_WARN_EMPTY_BODY = YES;
				CLANG_WARN_ENUM_CONVERSION = YES;
				CLANG_WARN_INFINITE_RECURSION = YES;
				CLANG_WARN_INT_CONVERSION = YES;
				CLANG_WARN_NON_LITERAL_NULL_CONVERSION = YES;
				CLANG_WARN_OBJC_IMPLICIT_RETAIN_SELF = YES;
				CLANG_WARN_OBJC_LITERAL_CONVERSION = YES;
				CLANG_WARN_OBJC_ROOT_CLASS = YES_ERROR;
				CLANG_WARN_QUOTED_INCLUDE_IN_FRAMEWORK_HEADER = YES;
				CLANG_WARN_RANGE_LOOP_ANALYSIS = YES;
				CLANG_WARN_STRICT_PROTOTYPES = YES;
				CLANG_WARN_SUSPICIOUS_MOVE = YES;
				CLANG_WARN_UNGUARDED_AVAILABILITY = YES_AGGRESSIVE;
				CLANG_WARN_UNREACHABLE_CODE = YES;
				CLANG_WARN__DUPLICATE_METHOD_MATCH = YES;
				COPY_PHASE_STRIP = NO;
				DEBUG_INFORMATION_FORMAT = dwarf;
				ENABLE_STRICT_OBJC_MSGSEND = YES;
				ENABLE_TESTABILITY = YES;
				GCC_C_LANGUAGE_STANDARD = gnu11;
				GCC_DYNAMIC_NO_PIC = NO;
				GCC_NO_COMMON_BLOCKS = YES;
				GCC_OPTIMIZATION_LEVEL = 0;
				GCC_PREPROCESSOR_DEFINITIONS = (
					"DEBUG=1",
					"$(inherited)",
				);
				GCC_WARN_64_TO_32_BIT_CONVERSION = YES;
				GCC_WARN_ABOUT_RETURN_TYPE = YES_ERROR;
				GCC_WARN_UNDECLARED_SELECTOR = YES;
				GCC_WARN_UNINITIALIZED_AUTOS = YES_AGGRESSIVE;
				GCC_WARN_UNUSED_FUNCTION = YES;
				GCC_WARN_UNUSED_VARIABLE = YES;
				IPHONEOS_DEPLOYMENT_TARGET = 16.4;
				MTL_ENABLE_DEBUG_INFO = INCLUDE_SOURCE;
				MTL_FAST_MATH = YES;
				ONLY_ACTIVE_ARCH = YES;
				SDKROOT = iphoneos;
				SWIFT_ACTIVE_COMPILATION_CONDITIONS = DEBUG;
				SWIFT_OPTIMIZATION_LEVEL = "-Onone";
			};
			name = Debug;
		};
		0DBADDC12A65FDF300A10FC3 /* Release */ = {
			isa = XCBuildConfiguration;
			buildSettings = {
				ALWAYS_SEARCH_USER_PATHS = NO;
				CLANG_ANALYZER_NONNULL = YES;
				CLANG_ANALYZER_NUMBER_OBJECT_CONVERSION = YES_AGGRESSIVE;
				CLANG_CXX_LANGUAGE_STANDARD = "gnu++20";
				CLANG_ENABLE_MODULES = YES;
				CLANG_ENABLE_OBJC_ARC = YES;
				CLANG_ENABLE_OBJC_WEAK = YES;
				CLANG_WARN_BLOCK_CAPTURE_AUTORELEASING = YES;
				CLANG_WARN_BOOL_CONVERSION = YES;
				CLANG_WARN_COMMA = YES;
				CLANG_WARN_CONSTANT_CONVERSION = YES;
				CLANG_WARN_DEPRECATED_OBJC_IMPLEMENTATIONS = YES;
				CLANG_WARN_DIRECT_OBJC_ISA_USAGE = YES_ERROR;
				CLANG_WARN_DOCUMENTATION_COMMENTS = YES;
				CLANG_WARN_EMPTY_BODY = YES;
				CLANG_WARN_ENUM_CONVERSION = YES;
				CLANG_WARN_INFINITE_RECURSION = YES;
				CLANG_WARN_INT_CONVERSION = YES;
				CLANG_WARN_NON_LITERAL_NULL_CONVERSION = YES;
				CLANG_WARN_OBJC_IMPLICIT_RETAIN_SELF = YES;
				CLANG_WARN_OBJC_LITERAL_CONVERSION = YES;
				CLANG_WARN_OBJC_ROOT_CLASS = YES_ERROR;
				CLANG_WARN_QUOTED_INCLUDE_IN_FRAMEWORK_HEADER = YES;
				CLANG_WARN_RANGE_LOOP_ANALYSIS = YES;
				CLANG_WARN_STRICT_PROTOTYPES = YES;
				CLANG_WARN_SUSPICIOUS_MOVE = YES;
				CLANG_WARN_UNGUARDED_AVAILABILITY = YES_AGGRESSIVE;
				CLANG_WARN_UNREACHABLE_CODE = YES;
				CLANG_WARN__DUPLICATE_METHOD_MATCH = YES;
				COPY_PHASE_STRIP = NO;
				DEBUG_INFORMATION_FORMAT = "dwarf-with-dsym";
				ENABLE_NS_ASSERTIONS = NO;
				ENABLE_STRICT_OBJC_MSGSEND = YES;
				GCC_C_LANGUAGE_STANDARD = gnu11;
				GCC_NO_COMMON_BLOCKS = YES;
				GCC_WARN_64_TO_32_BIT_CONVERSION = YES;
				GCC_WARN_ABOUT_RETURN_TYPE = YES_ERROR;
				GCC_WARN_UNDECLARED_SELECTOR = YES;
				GCC_WARN_UNINITIALIZED_AUTOS = YES_AGGRESSIVE;
				GCC_WARN_UNUSED_FUNCTION = YES;
				GCC_WARN_UNUSED_VARIABLE = YES;
				IPHONEOS_DEPLOYMENT_TARGET = 16.4;
				MTL_ENABLE_DEBUG_INFO = NO;
				MTL_FAST_MATH = YES;
				SDKROOT = iphoneos;
				SWIFT_COMPILATION_MODE = wholemodule;
				SWIFT_OPTIMIZATION_LEVEL = "-O";
				VALIDATE_PRODUCT = YES;
			};
			name = Release;
		};
		0DBADDC32A65FDF300A10FC3 /* Debug */ = {
			isa = XCBuildConfiguration;
			baseConfigurationReference = 5295EDDCBCE10935681952A4 /* Pods-luna.debug.xcconfig */;
			buildSettings = {
				ASSETCATALOG_COMPILER_APPICON_NAME = AppIcon;
				ASSETCATALOG_COMPILER_GLOBAL_ACCENT_COLOR_NAME = AccentColor;
				CODE_SIGN_STYLE = Automatic;
				CURRENT_PROJECT_VERSION = 1;
				DEVELOPMENT_TEAM = 4UVYB4V5UN;
				GENERATE_INFOPLIST_FILE = YES;
				INFOPLIST_FILE = luna/Info.plist;
				INFOPLIST_KEY_UIApplicationSupportsIndirectInputEvents = YES;
				INFOPLIST_KEY_UILaunchStoryboardName = LaunchScreen;
				INFOPLIST_KEY_UISupportedInterfaceOrientations_iPad = "UIInterfaceOrientationPortrait UIInterfaceOrientationPortraitUpsideDown UIInterfaceOrientationLandscapeLeft UIInterfaceOrientationLandscapeRight";
				INFOPLIST_KEY_UISupportedInterfaceOrientations_iPhone = "UIInterfaceOrientationPortrait UIInterfaceOrientationLandscapeLeft UIInterfaceOrientationLandscapeRight";
				LD_RUNPATH_SEARCH_PATHS = (
					"$(inherited)",
					"@executable_path/Frameworks",
				);
				MARKETING_VERSION = 1.0;
				PRODUCT_BUNDLE_IDENTIFIER = br.ufpe.cin.academy.apfd.luna;
				PRODUCT_NAME = "$(TARGET_NAME)";
				SWIFT_EMIT_LOC_STRINGS = YES;
				SWIFT_VERSION = 5.0;
				TARGETED_DEVICE_FAMILY = "1,2";
			};
			name = Debug;
		};
		0DBADDC42A65FDF300A10FC3 /* Release */ = {
			isa = XCBuildConfiguration;
			baseConfigurationReference = 08D186E62F83C3701D60F993 /* Pods-luna.release.xcconfig */;
			buildSettings = {
				ASSETCATALOG_COMPILER_APPICON_NAME = AppIcon;
				ASSETCATALOG_COMPILER_GLOBAL_ACCENT_COLOR_NAME = AccentColor;
				CODE_SIGN_STYLE = Automatic;
				CURRENT_PROJECT_VERSION = 1;
				DEVELOPMENT_TEAM = 4UVYB4V5UN;
				GENERATE_INFOPLIST_FILE = YES;
				INFOPLIST_FILE = luna/Info.plist;
				INFOPLIST_KEY_UIApplicationSupportsIndirectInputEvents = YES;
				INFOPLIST_KEY_UILaunchStoryboardName = LaunchScreen;
				INFOPLIST_KEY_UISupportedInterfaceOrientations_iPad = "UIInterfaceOrientationPortrait UIInterfaceOrientationPortraitUpsideDown UIInterfaceOrientationLandscapeLeft UIInterfaceOrientationLandscapeRight";
				INFOPLIST_KEY_UISupportedInterfaceOrientations_iPhone = "UIInterfaceOrientationPortrait UIInterfaceOrientationLandscapeLeft UIInterfaceOrientationLandscapeRight";
				LD_RUNPATH_SEARCH_PATHS = (
					"$(inherited)",
					"@executable_path/Frameworks",
				);
				MARKETING_VERSION = 1.0;
				PRODUCT_BUNDLE_IDENTIFIER = br.ufpe.cin.academy.apfd.luna;
				PRODUCT_NAME = "$(TARGET_NAME)";
				SWIFT_EMIT_LOC_STRINGS = YES;
				SWIFT_VERSION = 5.0;
				TARGETED_DEVICE_FAMILY = "1,2";
			};
			name = Release;
		};
		0DBADDC62A65FDF300A10FC3 /* Debug */ = {
			isa = XCBuildConfiguration;
			baseConfigurationReference = D479E806F71C261B7BE2C777 /* Pods-lunaTests.debug.xcconfig */;
			buildSettings = {
				ALWAYS_EMBED_SWIFT_STANDARD_LIBRARIES = YES;
				BUNDLE_LOADER = "$(TEST_HOST)";
				CODE_SIGN_STYLE = Automatic;
				CURRENT_PROJECT_VERSION = 1;
				DEVELOPMENT_TEAM = 4UVYB4V5UN;
				GENERATE_INFOPLIST_FILE = YES;
				IPHONEOS_DEPLOYMENT_TARGET = 16.4;
				MARKETING_VERSION = 1.0;
				PRODUCT_BUNDLE_IDENTIFIER = br.ufpe.cin.academy.apfd.lunaTests;
				PRODUCT_NAME = "$(TARGET_NAME)";
				SWIFT_EMIT_LOC_STRINGS = NO;
				SWIFT_VERSION = 5.0;
				TARGETED_DEVICE_FAMILY = "1,2";
				TEST_HOST = "$(BUILT_PRODUCTS_DIR)/luna.app/$(BUNDLE_EXECUTABLE_FOLDER_PATH)/luna";
			};
			name = Debug;
		};
		0DBADDC72A65FDF300A10FC3 /* Release */ = {
			isa = XCBuildConfiguration;
			baseConfigurationReference = 3CD2EB575C89A943BE87F57E /* Pods-lunaTests.release.xcconfig */;
			buildSettings = {
				ALWAYS_EMBED_SWIFT_STANDARD_LIBRARIES = YES;
				BUNDLE_LOADER = "$(TEST_HOST)";
				CODE_SIGN_STYLE = Automatic;
				CURRENT_PROJECT_VERSION = 1;
				DEVELOPMENT_TEAM = 4UVYB4V5UN;
				GENERATE_INFOPLIST_FILE = YES;
				IPHONEOS_DEPLOYMENT_TARGET = 16.4;
				MARKETING_VERSION = 1.0;
				PRODUCT_BUNDLE_IDENTIFIER = br.ufpe.cin.academy.apfd.lunaTests;
				PRODUCT_NAME = "$(TARGET_NAME)";
				SWIFT_EMIT_LOC_STRINGS = NO;
				SWIFT_VERSION = 5.0;
				TARGETED_DEVICE_FAMILY = "1,2";
				TEST_HOST = "$(BUILT_PRODUCTS_DIR)/luna.app/$(BUNDLE_EXECUTABLE_FOLDER_PATH)/luna";
			};
			name = Release;
		};
		0DBADDC92A65FDF300A10FC3 /* Debug */ = {
			isa = XCBuildConfiguration;
			baseConfigurationReference = 40083797C335396142E4E31B /* Pods-luna-lunaUITests.debug.xcconfig */;
			buildSettings = {
				ALWAYS_EMBED_SWIFT_STANDARD_LIBRARIES = YES;
				CODE_SIGN_STYLE = Automatic;
				CURRENT_PROJECT_VERSION = 1;
				DEVELOPMENT_TEAM = 4UVYB4V5UN;
				GENERATE_INFOPLIST_FILE = YES;
				MARKETING_VERSION = 1.0;
				PRODUCT_BUNDLE_IDENTIFIER = br.ufpe.cin.academy.apfd.lunaUITests;
				PRODUCT_NAME = "$(TARGET_NAME)";
				SWIFT_EMIT_LOC_STRINGS = NO;
				SWIFT_VERSION = 5.0;
				TARGETED_DEVICE_FAMILY = "1,2";
				TEST_TARGET_NAME = luna;
			};
			name = Debug;
		};
		0DBADDCA2A65FDF300A10FC3 /* Release */ = {
			isa = XCBuildConfiguration;
			baseConfigurationReference = 46B376156DE621DEBE58A794 /* Pods-luna-lunaUITests.release.xcconfig */;
			buildSettings = {
				ALWAYS_EMBED_SWIFT_STANDARD_LIBRARIES = YES;
				CODE_SIGN_STYLE = Automatic;
				CURRENT_PROJECT_VERSION = 1;
				DEVELOPMENT_TEAM = 4UVYB4V5UN;
				GENERATE_INFOPLIST_FILE = YES;
				MARKETING_VERSION = 1.0;
				PRODUCT_BUNDLE_IDENTIFIER = br.ufpe.cin.academy.apfd.lunaUITests;
				PRODUCT_NAME = "$(TARGET_NAME)";
				SWIFT_EMIT_LOC_STRINGS = NO;
				SWIFT_VERSION = 5.0;
				TARGETED_DEVICE_FAMILY = "1,2";
				TEST_TARGET_NAME = luna;
			};
			name = Release;
		};
/* End XCBuildConfiguration section */

/* Begin XCConfigurationList section */
		0DBADD902A65FDF100A10FC3 /* Build configuration list for PBXProject "luna" */ = {
			isa = XCConfigurationList;
			buildConfigurations = (
				0DBADDC02A65FDF300A10FC3 /* Debug */,
				0DBADDC12A65FDF300A10FC3 /* Release */,
			);
			defaultConfigurationIsVisible = 0;
			defaultConfigurationName = Release;
		};
		0DBADDC22A65FDF300A10FC3 /* Build configuration list for PBXNativeTarget "luna" */ = {
			isa = XCConfigurationList;
			buildConfigurations = (
				0DBADDC32A65FDF300A10FC3 /* Debug */,
				0DBADDC42A65FDF300A10FC3 /* Release */,
			);
			defaultConfigurationIsVisible = 0;
			defaultConfigurationName = Release;
		};
		0DBADDC52A65FDF300A10FC3 /* Build configuration list for PBXNativeTarget "lunaTests" */ = {
			isa = XCConfigurationList;
			buildConfigurations = (
				0DBADDC62A65FDF300A10FC3 /* Debug */,
				0DBADDC72A65FDF300A10FC3 /* Release */,
			);
			defaultConfigurationIsVisible = 0;
			defaultConfigurationName = Release;
		};
		0DBADDC82A65FDF300A10FC3 /* Build configuration list for PBXNativeTarget "lunaUITests" */ = {
			isa = XCConfigurationList;
			buildConfigurations = (
				0DBADDC92A65FDF300A10FC3 /* Debug */,
				0DBADDCA2A65FDF300A10FC3 /* Release */,
			);
			defaultConfigurationIsVisible = 0;
			defaultConfigurationName = Release;
		};
/* End XCConfigurationList section */

/* Begin XCVersionGroup section */
		0DBADDA12A65FDF100A10FC3 /* luna.xcdatamodeld */ = {
			isa = XCVersionGroup;
			children = (
				0DBADDA22A65FDF100A10FC3 /* luna.xcdatamodel */,
			);
			currentVersion = 0DBADDA22A65FDF100A10FC3 /* luna.xcdatamodel */;
			path = luna.xcdatamodeld;
			sourceTree = "<group>";
			versionGroupType = wrapper.xcdatamodel;
		};
/* End XCVersionGroup section */
	};
	rootObject = 0DBADD8D2A65FDF100A10FC3 /* Project object */;
}
